<Solution>
  <Configurations>
    <BuildType Name="Debug" />
    <BuildType Name="Release" />
    <Platform Name="x64" />
  </Configurations>
  <Project Path="NeuronCore/NeuronCore.vcxproj" />
  <Project Path="NeuronClient/NeuronClient.vcxproj" />
  <Project Path="NeuronServer/NeuronServer.vcxproj" />
  <Project Path="GameLogic/GameLogic.vcxproj" />
  <Project Path="NomadCommander/NomadCommander.vcxproj" />
  <Folder Name="/Tests/">
    <Project Path="Tests/NeuronCoreTests/NeuronCoreTests.vcxproj" />
    <Project Path="Tests/NeuronClientTests/NeuronClientTests.vcxproj" />
    <Project Path="Tests/NeuronServerTests/NeuronServerTests.vcxproj" />
    <Project Path="Tests/GameLogicTests/GameLogicTests.vcxproj" />
  </Folder>
</Solution>
