<?xml version="1.0" encoding="utf-8"?>
<Project ToolsVersion="4.0" xmlns="http://schemas.microsoft.com/developer/msbuild/2003">
  <ItemGroup>
    <ClCompile Include="ByteReader.cpp" />
    <ClCompile Include="ByteWriter.cpp" />
    <ClCompile Include="Debug.cpp" />
    <ClCompile Include="ExecutablePath.cpp" />
    <ClCompile Include="MemoryTransport.cpp" />
    <ClCompile Include="pch.cpp" />
    <ClCompile Include="Protocol.cpp" />
    <ClCompile Include="Random.cpp" />
    <ClCompile Include="TickSchedule.cpp" />
  </ItemGroup>
  <ItemGroup>
    <ClInclude Include="ByteReader.h" />
    <ClInclude Include="ByteWriter.h" />
    <ClInclude Include="Debug.h" />
    <ClInclude Include="ExecutablePath.h" />
    <ClInclude Include="Hundredths.h" />
    <ClInclude Include="Id.h" />
    <ClInclude Include="IntegerMath.h" />
    <ClInclude Include="MemoryTransport.h" />
    <ClInclude Include="NeuronCore.h" />
    <ClInclude Include="pch.h" />
    <ClInclude Include="Protocol.h" />
    <ClInclude Include="Random.h" />
    <ClInclude Include="Serializable.h" />
    <ClInclude Include="Simulation.h" />
    <ClInclude Include="Tick.h" />
    <ClInclude Include="TickSchedule.h" />
    <ClInclude Include="Transport.h" />
  </ItemGroup>
</Project>
