<?xml version="1.0" encoding="utf-8"?>
<Project ToolsVersion="4.0" xmlns="http://schemas.microsoft.com/developer/msbuild/2003">
  <ItemGroup>
    <ClCompile Include="World.cpp" />
    <ClCompile Include="UniverseGenerator.cpp" />
    <ClCompile Include="Explanation.cpp" />
    <ClCompile Include="NomadSimulation.cpp" />
    <ClCompile Include="Mobility.cpp" />
    <ClCompile Include="Politics.cpp" />
    <ClCompile Include="Sensor.cpp" />
    <ClCompile Include="Knowledge.cpp" />
    <ClCompile Include="Memory.cpp" />
    <ClCompile Include="Accusation.cpp" />
    <ClCompile Include="Inference.cpp" />
    <ClCompile Include="Couriers.cpp" />
    <ClCompile Include="Economy.cpp" />
    <ClCompile Include="Fabricator.cpp" />
    <ClCompile Include="Shipyard.cpp" />
    <ClCompile Include="Upkeep.cpp" />
    <ClCompile Include="TickResolver.cpp" />
    <ClCompile Include="pch.cpp" />
  </ItemGroup>
  <ItemGroup>
    <ClInclude Include="pch.h" />
    <ClInclude Include="Character.h" />
    <ClInclude Include="Company.h" />
    <ClInclude Include="Credits.h" />
    <ClInclude Include="Empire.h" />
    <ClInclude Include="EntityIds.h" />
    <ClInclude Include="Fleet.h" />
    <ClInclude Include="Mothership.h" />
    <ClInclude Include="Outpost.h" />
    <ClInclude Include="ShipClass.h" />
    <ClInclude Include="Table.h" />
    <ClInclude Include="World.h" />
    <ClInclude Include="Lane.h" />
    <ClInclude Include="StarSystem.h" />
    <ClInclude Include="UniverseGenerator.h" />
    <ClInclude Include="Event.h" />
    <ClInclude Include="Explanation.h" />
    <ClInclude Include="Input.h" />
    <ClInclude Include="LogEvent.h" />
    <ClInclude Include="LogSink.h" />
    <ClInclude Include="Mobility.h" />
    <ClInclude Include="EmpireGoal.h" />
    <ClInclude Include="Politics.h" />
    <ClInclude Include="Relation.h" />
    <ClInclude Include="Report.h" />
    <ClInclude Include="Sensor.h" />
    <ClInclude Include="Belief.h" />
    <ClInclude Include="Incident.h" />
    <ClInclude Include="Knowledge.h" />
    <ClInclude Include="Memory.h" />
    <ClInclude Include="Accusation.h" />
    <ClInclude Include="Evidence.h" />
    <ClInclude Include="Inference.h" />
    <ClInclude Include="Courier.h" />
    <ClInclude Include="Couriers.h" />
    <ClInclude Include="WireAccusation.h" />
    <ClInclude Include="Opinion.h" />
    <ClInclude Include="ThreatAssessment.h" />
    <ClInclude Include="WireReport.h" />
    <ClInclude Include="Economy.h" />
    <ClInclude Include="Fabricator.h" />
    <ClInclude Include="Shipyard.h" />
    <ClInclude Include="Upkeep.h" />
    <ClInclude Include="Good.h" />
    <ClInclude Include="Market.h" />
    <ClInclude Include="MothballedHull.h" />
    <ClInclude Include="NomadSimulation.h" />
    <ClInclude Include="TickResolver.h" />
    <ClInclude Include="Tuning.h" />
    <ClInclude Include="WireEvent.h" />
    <ClInclude Include="WireExplanation.h" />
    <ClInclude Include="WireInput.h" />
  </ItemGroup>
</Project>
