<?xml version="1.0" encoding="utf-8"?>
<Project ToolsVersion="4.0" xmlns="http://schemas.microsoft.com/developer/msbuild/2003">
  <ItemGroup>
    <Filter Include="Shaders">
      <UniqueIdentifier>{1B4D0E9A-3C5F-4F6E-9E2A-7A6E5D4C3B2A}</UniqueIdentifier>
      <Extensions>hlsl;hlsli</Extensions>
    </Filter>
  </ItemGroup>
  <ItemGroup>
    <ClCompile Include="Window.cpp" />
    <ClCompile Include="pch.cpp" />
    <ClCompile Include="PrimitivePipeline.cpp" />
    <ClCompile Include="GraphicsDevice.cpp" />
    <ClCompile Include="PresentPass.cpp" />
    <ClCompile Include="PipelineDefaults.cpp" />
    <ClCompile Include="MeshPipeline.cpp" />
    <ClCompile Include="MeshBuilder.cpp" />
    <ClCompile Include="DepthTarget.cpp" />
    <ClCompile Include="InputState.cpp" />
    <ClCompile Include="GlyphPipeline.cpp" />
    <ClCompile Include="TextRenderer.cpp" />
    <ClCompile Include="Ui.cpp" />
    <ClCompile Include="PrimitiveBatch.cpp" />
    <ClCompile Include="SceneTarget.cpp" />
    <ClCompile Include="SwapChainTarget.cpp" />
  </ItemGroup>
  <ItemGroup>
    <ClInclude Include="pch.h" />
    <ClInclude Include="PrimitivePipeline.h" />
    <ClInclude Include="Window.h" />
    <ClInclude Include="GraphicsDevice.h" />
    <ClInclude Include="PresentPass.h" />
    <ClInclude Include="PipelineDefaults.h" />
    <ClInclude Include="MeshPipeline.h" />
    <ClInclude Include="MeshBuilder.h" />
    <ClInclude Include="DepthTarget.h" />
    <ClInclude Include="Camera.h" />
    <ClInclude Include="InputState.h" />
    <ClInclude Include="BitmapFont.h" />
    <ClInclude Include="GlyphPipeline.h" />
    <ClInclude Include="TextRenderer.h" />
    <ClInclude Include="Palette.h" />
    <ClInclude Include="Rect.h" />
    <ClInclude Include="Ui.h" />
    <ClInclude Include="IconAtlas.h" />
    <ClInclude Include="UiState.h" />
    <ClInclude Include="PrimitiveBatch.h" />
    <ClInclude Include="SceneTarget.h" />
    <ClInclude Include="SwapChainTarget.h" />
  </ItemGroup>
  <ItemGroup>
    <FXCompile Include="Shaders\PrimitiveVS.hlsl">
      <Filter>Shaders</Filter>
    </FXCompile>
    <FXCompile Include="Shaders\PrimitivePS.hlsl">
      <Filter>Shaders</Filter>
    </FXCompile>
    <FXCompile Include="Shaders\PresentVS.hlsl">
      <Filter>Shaders</Filter>
    </FXCompile>
    <FXCompile Include="Shaders\PresentPS.hlsl">
      <Filter>Shaders</Filter>
    </FXCompile>
    <FXCompile Include="Shaders\GlyphVS.hlsl">
      <Filter>Shaders</Filter>
    </FXCompile>
    <FXCompile Include="Shaders\GlyphPS.hlsl">
      <Filter>Shaders</Filter>
    </FXCompile>
    <FXCompile Include="Shaders\MeshVS.hlsl">
      <Filter>Shaders</Filter>
    </FXCompile>
    <FXCompile Include="Shaders\MeshPS.hlsl">
      <Filter>Shaders</Filter>
    </FXCompile>
  </ItemGroup>
</Project>
