<?xml version="1.0" encoding="utf-8"?>
<Project ToolsVersion="4.0" xmlns="http://schemas.microsoft.com/developer/msbuild/2003">
  <ItemGroup>
    <Filter Include="Shaders">
      <UniqueIdentifier>{1B4D0E9A-3C5F-4F6E-9E2A-7A6E5D4C3B2A}</UniqueIdentifier>
      <Extensions>hlsl;hlsli</Extensions>
    </Filter>
  </ItemGroup>
  <ItemGroup>
    <ClCompile Include="Window.cpp" />
    <ClCompile Include="pch.cpp" />
    <ClCompile Include="PrimitivePipeline.cpp" />
    <ClCompile Include="GraphicsDevice.cpp" />
    <ClCompile Include="PresentPass.cpp" />
    <ClCompile Include="SceneTarget.cpp" />
    <ClCompile Include="SwapChainTarget.cpp" />
  </ItemGroup>
  <ItemGroup>
    <ClInclude Include="pch.h" />
    <ClInclude Include="PrimitivePipeline.h" />
    <ClInclude Include="Window.h" />
    <ClInclude Include="GraphicsDevice.h" />
    <ClInclude Include="PresentPass.h" />
    <ClInclude Include="SceneTarget.h" />
    <ClInclude Include="SwapChainTarget.h" />
  </ItemGroup>
  <ItemGroup>
    <FXCompile Include="Shaders\PrimitiveVS.hlsl">
      <Filter>Shaders</Filter>
    </FXCompile>
    <FXCompile Include="Shaders\PrimitivePS.hlsl">
      <Filter>Shaders</Filter>
    </FXCompile>
    <FXCompile Include="Shaders\PresentVS.hlsl">
      <Filter>Shaders</Filter>
    </FXCompile>
    <FXCompile Include="Shaders\PresentPS.hlsl">
      <Filter>Shaders</Filter>
    </FXCompile>
  </ItemGroup>
</Project>
