<?xml version="1.0" encoding="utf-8"?>
<Project ToolsVersion="4.0" xmlns="http://schemas.microsoft.com/developer/msbuild/2003">
  <ItemGroup>
    <ClCompile Include="TickTests.cpp" />
    <ClCompile Include="ByteStreamTests.cpp" />
    <ClCompile Include="HundredthsTests.cpp" />
    <ClCompile Include="IdTests.cpp" />
    <ClCompile Include="IntegerMathTests.cpp" />
    <ClCompile Include="MemoryTransportTests.cpp" />
    <ClCompile Include="pch.cpp" />
    <ClCompile Include="ProtocolTests.cpp" />
    <ClCompile Include="RandomTests.cpp" />
    <ClCompile Include="SimulationTests.cpp" />
    <ClCompile Include="TickScheduleTests.cpp" />
  </ItemGroup>
  <ItemGroup>
    <ClInclude Include="pch.h" />
    <ClInclude Include="CounterSimulation.h" />
  </ItemGroup>
</Project>
